
Microsoft Visual Studio Solution File, Format Version 12.00
# Visual Studio Version 16
VisualStudioVersion = 16.0.29905.134
MinimumVisualStudioVersion = 10.0.40219.1
Project("{E24C65DC-7377-472B-9ABA-BC803B73C61A}") = "pvquynh", ".", "{427208CB-D6AC-4EB0-9620-68970D3FD543}"
	ProjectSection(WebsiteProperties) = preProject
		TargetFrameworkMoniker = ".NETFramework,Version%3Dv4.0"
		Debug.AspNetCompiler.VirtualPath = "/localhost_52798"
		Debug.AspNetCompiler.PhysicalPath = "..\pvquynh\"
		Debug.AspNetCompiler.TargetPath = "PrecompiledWeb\localhost_52798\"
		Debug.AspNetCompiler.Updateable = "true"
		Debug.AspNetCompiler.ForceOverwrite = "true"
		Debug.AspNetCompiler.FixedNames = "false"
		Debug.AspNetCompiler.Debug = "True"
		Release.AspNetCompiler.VirtualPath = "/localhost_52798"
		Release.AspNetCompiler.PhysicalPath = "..\pvquynh\"
		Release.AspNetCompiler.TargetPath = "PrecompiledWeb\localhost_52798\"
		Release.AspNetCompiler.Updateable = "true"
		Release.AspNetCompiler.ForceOverwrite = "true"
		Release.AspNetCompiler.FixedNames = "false"
		Release.AspNetCompiler.Debug = "False"
		VWDPort = "52798"
		SlnRelativePath = "..\pvquynh\"
	EndProjectSection
EndProject
Global
	GlobalSection(SolutionConfigurationPlatforms) = preSolution
		Debug|Any CPU = Debug|Any CPU
	EndGlobalSection
	GlobalSection(ProjectConfigurationPlatforms) = postSolution
		{427208CB-D6AC-4EB0-9620-68970D3FD543}.Debug|Any CPU.ActiveCfg = Debug|Any CPU
		{427208CB-D6AC-4EB0-9620-68970D3FD543}.Debug|Any CPU.Build.0 = Debug|Any CPU
	EndGlobalSection
	GlobalSection(SolutionProperties) = preSolution
		HideSolutionNode = FALSE
	EndGlobalSection
	GlobalSection(ExtensibilityGlobals) = postSolution
		SolutionGuid = {2902FCFA-7878-4715-B1B8-C0767378940B}
	EndGlobalSection
EndGlobal
